{
  "requires": true,
  "lockfileVersion": 1,
  "dependencies": {
    "gojs": {
      "version": "1.8.17",
      "resolved": "https://registry.npmjs.org/gojs/-/gojs-1.8.17.tgz",
      "integrity": "sha512-nZjld0UeS0e8fLLhm2eqMkD8GnJuxJHOPemf++FdRYnY9+1vVsHUs7RYzPm8rxLH850SmuEwcUhjHQno8fzvew=="
    }
  }
}
